# This file was autogenerated by Stack.
# You should not edit this file by hand.
# For more information, please see the documentation at:
#   https://docs.haskellstack.org/en/stable/lock_files

packages: []
snapshots:
- completed:
    size: 374147
    url: https://raw.githubusercontent.com/commercialhaskell/stackage-snapshots/master/lts/5/9.yaml
    sha256: e8a6502709d3873f860d2d058fe104a7910b2bedc71bd616727d85770c00384e
  original: lts-5.9
